
Microsoft Visual Studio Solution File, Format Version 12.00
# Visual Studio 15
VisualStudioVersion = 15.0.28307.1082
MinimumVisualStudioVersion = 10.0.40219.1
Project("{FAE04EC0-301F-11D3-BF4B-00C04F79EFBC}") = "SteamworksDotNetTest2017", "SteamworksDotNetTest2017\SteamworksDotNetTest2017.csproj", "{C47A0632-1E7A-48A7-8064-562C90153AC0}"
EndProject
Global
	GlobalSection(SolutionConfigurationPlatforms) = preSolution
		Debug|Any CPU = Debug|Any CPU
		Release|Any CPU = Release|Any CPU
	EndGlobalSection
	GlobalSection(ProjectConfigurationPlatforms) = postSolution
		{C47A0632-1E7A-48A7-8064-562C90153AC0}.Debug|Any CPU.ActiveCfg = Debug|Any CPU
		{C47A0632-1E7A-48A7-8064-562C90153AC0}.Debug|Any CPU.Build.0 = Debug|Any CPU
		{C47A0632-1E7A-48A7-8064-562C90153AC0}.Release|Any CPU.ActiveCfg = Release|Any CPU
		{C47A0632-1E7A-48A7-8064-562C90153AC0}.Release|Any CPU.Build.0 = Release|Any CPU
	EndGlobalSection
	GlobalSection(SolutionProperties) = preSolution
		HideSolutionNode = FALSE
	EndGlobalSection
	GlobalSection(ExtensibilityGlobals) = postSolution
		SolutionGuid = {B05F5579-2AC8-4F3E-A686-254E23E02176}
	EndGlobalSection
EndGlobal
